// !$*UTF8*$!
{
	archiveVersion = 1;
	classes = {
	};
	objectVersion = 56;
	objects = {

/* Begin PBXBuildFile section */
		0A042ED92ADFE48E002ED30D /* ContentTableViewCell.swift in Sources */ = {isa = PBXBuildFile; fileRef = 0A042ED82ADFE48E002ED30D /* ContentTableViewCell.swift */; };
		0A042EDB2ADFF9D0002ED30D /* RecentSearchContentViewController.swift in Sources */ = {isa = PBXBuildFile; fileRef = 0A042EDA2ADFF9D0002ED30D /* RecentSearchContentViewController.swift */; };
		0A042EDD2AE0F899002ED30D /* RecentSearchContentCollectionViewCell.swift in Sources */ = {isa = PBXBuildFile; fileRef = 0A042EDC2AE0F899002ED30D /* RecentSearchContentCollectionViewCell.swift */; };
		0A95434A2AE7C60300907579 /* RecentSearchManager.swift in Sources */ = {isa = PBXBuildFile; fileRef = 0A9543492AE7C60300907579 /* RecentSearchManager.swift */; };
		1C2843722ADB969C00A87E99 /* KkukTests.swift in Sources */ = {isa = PBXBuildFile; fileRef = 1C2843712ADB969C00A87E99 /* KkukTests.swift */; };
		1C28437C2ADB969C00A87E99 /* KkukUITests.swift in Sources */ = {isa = PBXBuildFile; fileRef = 1C28437B2ADB969C00A87E99 /* KkukUITests.swift */; };
		1C28437E2ADB969C00A87E99 /* KkukUITestsLaunchTests.swift in Sources */ = {isa = PBXBuildFile; fileRef = 1C28437D2ADB969C00A87E99 /* KkukUITestsLaunchTests.swift */; };
		1C28438D2ADB9D0D00A87E99 /* AppDelegate.swift in Sources */ = {isa = PBXBuildFile; fileRef = 1C28438B2ADB9D0D00A87E99 /* AppDelegate.swift */; };
		1C28438E2ADB9D0D00A87E99 /* SceneDelegate.swift in Sources */ = {isa = PBXBuildFile; fileRef = 1C28438C2ADB9D0D00A87E99 /* SceneDelegate.swift */; };
		1C2843962ADC2C5600A87E99 /* LaunchScreen.storyboard in Resources */ = {isa = PBXBuildFile; fileRef = 1C2843932ADC2C5600A87E99 /* LaunchScreen.storyboard */; };
		1C2843972ADC2C5600A87E99 /* Assets.xcassets in Resources */ = {isa = PBXBuildFile; fileRef = 1C2843942ADC2C5600A87E99 /* Assets.xcassets */; };
		1C2843A32ADC2F7000A87E99 /* Coordinator.swift in Sources */ = {isa = PBXBuildFile; fileRef = 1C2843A02ADC2F7000A87E99 /* Coordinator.swift */; };
		1C2843A42ADC2F7000A87E99 /* BaseUIViewController.swift in Sources */ = {isa = PBXBuildFile; fileRef = 1C2843A22ADC2F7000A87E99 /* BaseUIViewController.swift */; };
		1C2843A82ADD0C0F00A87E99 /* HomeViewController.swift in Sources */ = {isa = PBXBuildFile; fileRef = 1C2843A72ADD0C0F00A87E99 /* HomeViewController.swift */; };
		1C2843B12ADD0D6300A87E99 /* AppInfoViewController.swift in Sources */ = {isa = PBXBuildFile; fileRef = 1C2843B02ADD0D6300A87E99 /* AppInfoViewController.swift */; };
		1C2843B92ADD0DD400A87E99 /* CategoryViewController.swift in Sources */ = {isa = PBXBuildFile; fileRef = 1C2843B82ADD0DD400A87E99 /* CategoryViewController.swift */; };
		1C2843BF2ADD0F5300A87E99 /* SearchContentViewController.swift in Sources */ = {isa = PBXBuildFile; fileRef = 1C2843BE2ADD0F5300A87E99 /* SearchContentViewController.swift */; };
		1C2843C82ADD0FD600A87E99 /* AddContentViewController.swift in Sources */ = {isa = PBXBuildFile; fileRef = 1C2843C72ADD0FD600A87E99 /* AddContentViewController.swift */; };
		1C2843CF2ADD11B600A87E99 /* AppTabBarController.swift in Sources */ = {isa = PBXBuildFile; fileRef = 1C2843CE2ADD11B600A87E99 /* AppTabBarController.swift */; };
		1C2843D12ADD2C5C00A87E99 /* BaseUITableViewCell.swift in Sources */ = {isa = PBXBuildFile; fileRef = 1C2843D02ADD2C5C00A87E99 /* BaseUITableViewCell.swift */; };
		1C2843D32ADD2C6800A87E99 /* BaseUICollectionViewCell.swift in Sources */ = {isa = PBXBuildFile; fileRef = 1C2843D22ADD2C6800A87E99 /* BaseUICollectionViewCell.swift */; };
		1C2843D62ADD2F9300A87E99 /* UIView+AddSubviews.swift in Sources */ = {isa = PBXBuildFile; fileRef = 1C2843D52ADD2F9300A87E99 /* UIView+AddSubviews.swift */; };
		1C2843D82ADD2FF600A87E99 /* UIStackView+AddArrangedSubviews.swift in Sources */ = {isa = PBXBuildFile; fileRef = 1C2843D72ADD2FF600A87E99 /* UIStackView+AddArrangedSubviews.swift */; };
		1C2843DC2ADD388700A87E99 /* And.swift in Sources */ = {isa = PBXBuildFile; fileRef = 1C2843DB2ADD388700A87E99 /* And.swift */; };
		1C2843EA2ADE996200A87E99 /* Alamofire in Frameworks */ = {isa = PBXBuildFile; productRef = 1C2843E92ADE996200A87E99 /* Alamofire */; };
		1C2843ED2ADE99D400A87E99 /* IQKeyboardManagerSwift in Frameworks */ = {isa = PBXBuildFile; productRef = 1C2843EC2ADE99D400A87E99 /* IQKeyboardManagerSwift */; };
		1C2843F02ADE99EF00A87E99 /* Kingfisher in Frameworks */ = {isa = PBXBuildFile; productRef = 1C2843EF2ADE99EF00A87E99 /* Kingfisher */; };
		1C2843F32ADE9A1400A87E99 /* PanModal in Frameworks */ = {isa = PBXBuildFile; productRef = 1C2843F22ADE9A1400A87E99 /* PanModal */; };
		1C2843F62ADE9AB600A87E99 /* Realm in Frameworks */ = {isa = PBXBuildFile; productRef = 1C2843F52ADE9AB600A87E99 /* Realm */; };
		1C2843F82ADE9AB600A87E99 /* RealmSwift in Frameworks */ = {isa = PBXBuildFile; productRef = 1C2843F72ADE9AB600A87E99 /* RealmSwift */; };
		1C2843FB2ADE9AE200A87E99 /* SnapKit in Frameworks */ = {isa = PBXBuildFile; productRef = 1C2843FA2ADE9AE200A87E99 /* SnapKit */; };
		1C2843FE2ADE9AF400A87E99 /* SkeletonView in Frameworks */ = {isa = PBXBuildFile; productRef = 1C2843FD2ADE9AF400A87E99 /* SkeletonView */; };
		1C2844012ADE9B0100A87E99 /* SwiftSoup in Frameworks */ = {isa = PBXBuildFile; productRef = 1C2844002ADE9B0100A87E99 /* SwiftSoup */; };
		1C2844212ADED52B00A87E99 /* Pretendard-Regular.otf in Resources */ = {isa = PBXBuildFile; fileRef = 1C28441C2ADED52B00A87E99 /* Pretendard-Regular.otf */; };
		1C2844222ADED52B00A87E99 /* Pretendard-Medium.otf in Resources */ = {isa = PBXBuildFile; fileRef = 1C28441D2ADED52B00A87E99 /* Pretendard-Medium.otf */; };
		1C2844232ADED52B00A87E99 /* Pretendard-Light.otf in Resources */ = {isa = PBXBuildFile; fileRef = 1C28441E2ADED52B00A87E99 /* Pretendard-Light.otf */; };
		1C2844242ADED52B00A87E99 /* Pretendard-Bold.otf in Resources */ = {isa = PBXBuildFile; fileRef = 1C28441F2ADED52B00A87E99 /* Pretendard-Bold.otf */; };
		1C2844252ADED52B00A87E99 /* Pretendard-SemiBold.otf in Resources */ = {isa = PBXBuildFile; fileRef = 1C2844202ADED52B00A87E99 /* Pretendard-SemiBold.otf */; };
		1C2844272ADED5E500A87E99 /* UIFont+FontSizes.swift in Sources */ = {isa = PBXBuildFile; fileRef = 1C2844262ADED5E500A87E99 /* UIFont+FontSizes.swift */; };
		1C328F892AE92F8D0040D883 /* WebViewController.swift in Sources */ = {isa = PBXBuildFile; fileRef = 1C328F882AE92F8D0040D883 /* WebViewController.swift */; };
		1C328F8D2AE9368D0040D883 /* WebViewToolbar.swift in Sources */ = {isa = PBXBuildFile; fileRef = 1C328F8C2AE9368D0040D883 /* WebViewToolbar.swift */; };
		1C79EFF62AE7641000B5A97A /* UIImage+LoadAsset.swift in Sources */ = {isa = PBXBuildFile; fileRef = 1C79EFF52AE7641000B5A97A /* UIImage+LoadAsset.swift */; };
		1C79EFF92AE7675A00B5A97A /* Asset.swift in Sources */ = {isa = PBXBuildFile; fileRef = 1C79EFF82AE7675A00B5A97A /* Asset.swift */; };
		1C79F0002AE7E6EF00B5A97A /* HTMLParseService.swift in Sources */ = {isa = PBXBuildFile; fileRef = 1C79EFFF2AE7E6EF00B5A97A /* HTMLParseService.swift */; };
		1C79F0022AE7E94400B5A97A /* OpenGraphService.swift in Sources */ = {isa = PBXBuildFile; fileRef = 1C79F0012AE7E94400B5A97A /* OpenGraphService.swift */; };
		1C79F0062AE7F67300B5A97A /* AppTabBarItem.swift in Sources */ = {isa = PBXBuildFile; fileRef = 1C79F0052AE7F67300B5A97A /* AppTabBarItem.swift */; };
		1CAEBE672AEBE8CA00FF4CF2 /* CompleteButton.swift in Sources */ = {isa = PBXBuildFile; fileRef = 1CAEBE662AEBE8CA00FF4CF2 /* CompleteButton.swift */; };
		1CAEBE692AEBFD5500FF4CF2 /* InduceLabel.swift in Sources */ = {isa = PBXBuildFile; fileRef = 1CAEBE682AEBFD5500FF4CF2 /* InduceLabel.swift */; };
		1CAEBE6D2AED434700FF4CF2 /* Toast.swift in Sources */ = {isa = PBXBuildFile; fileRef = 1CAEBE6C2AED434700FF4CF2 /* Toast.swift */; };
		1CAEBE6F2AF1278500FF4CF2 /* OptionalLabel.swift in Sources */ = {isa = PBXBuildFile; fileRef = 1CAEBE6E2AF1278500FF4CF2 /* OptionalLabel.swift */; };
		1CB63FFA2AF33EC9003BDB62 /* SelectCategoryCell.swift in Sources */ = {isa = PBXBuildFile; fileRef = 1CB63FF92AF33EC9003BDB62 /* SelectCategoryCell.swift */; };
		1CB63FFC2AF4CC6F003BDB62 /* RedirectAddCategoryButton.swift in Sources */ = {isa = PBXBuildFile; fileRef = 1CB63FFB2AF4CC6F003BDB62 /* RedirectAddCategoryButton.swift */; };
		55791AC02AE7AEC7005C06C4 /* CategoryInnerViewController.swift in Sources */ = {isa = PBXBuildFile; fileRef = 55791ABF2AE7AEC7005C06C4 /* CategoryInnerViewController.swift */; };
		55791AC42AE7AED9005C06C4 /* CategoryTableViewCell.swift in Sources */ = {isa = PBXBuildFile; fileRef = 55791AC22AE7AED9005C06C4 /* CategoryTableViewCell.swift */; };
		55791AD22AEBC0FF005C06C4 /* Category.swift in Sources */ = {isa = PBXBuildFile; fileRef = 55791AD12AEBC0FF005C06C4 /* Category.swift */; };
		55791AD42AEBC136005C06C4 /* RealmCategoryService.swift in Sources */ = {isa = PBXBuildFile; fileRef = 55791AD32AEBC136005C06C4 /* RealmCategoryService.swift */; };
		55B505102AF7325200869130 /* PanModalTableViewCell.swift in Sources */ = {isa = PBXBuildFile; fileRef = 55B5050F2AF7325200869130 /* PanModalTableViewCell.swift */; };
		55B505122AF7326E00869130 /* PanModalTableViewController.swift in Sources */ = {isa = PBXBuildFile; fileRef = 55B505112AF7326E00869130 /* PanModalTableViewController.swift */; };
		55B505142AF75F3F00869130 /* EditCategoryViewController.swift in Sources */ = {isa = PBXBuildFile; fileRef = 55B505132AF75F3F00869130 /* EditCategoryViewController.swift */; };
		C352F49F2AE7980F0016398A /* EmptyStateView.swift in Sources */ = {isa = PBXBuildFile; fileRef = C352F49E2AE7980F0016398A /* EmptyStateView.swift */; };
		C352F4A32AE825F40016398A /* SettingItemCell.swift in Sources */ = {isa = PBXBuildFile; fileRef = C352F4A22AE825F40016398A /* SettingItemCell.swift */; };
		C352F4AA2AEB81170016398A /* ContentModel.swift in Sources */ = {isa = PBXBuildFile; fileRef = C352F4A92AEB81170016398A /* ContentModel.swift */; };
		C352F4AE2AEB87330016398A /* ContentManager.swift in Sources */ = {isa = PBXBuildFile; fileRef = C352F4AD2AEB87330016398A /* ContentManager.swift */; };
		C3A65F022ADEFBC500A100A7 /* UIColor+AppColor.swift in Sources */ = {isa = PBXBuildFile; fileRef = C3A65F012ADEFBC500A100A7 /* UIColor+AppColor.swift */; };
		C3A65F062AE0316F00A100A7 /* RecommendPagingView.swift in Sources */ = {isa = PBXBuildFile; fileRef = C3A65F052AE0316F00A100A7 /* RecommendPagingView.swift */; };
		C3A65F082AE0326500A100A7 /* RecommendView.swift in Sources */ = {isa = PBXBuildFile; fileRef = C3A65F072AE0326500A100A7 /* RecommendView.swift */; };
		ECD225652AE7883B009CA421 /* AddCategoryView.swift in Sources */ = {isa = PBXBuildFile; fileRef = ECD225642AE7883B009CA421 /* AddCategoryView.swift */; };
		ECF81C432AE050FF000C05DC /* AddCategoryViewController.swift in Sources */ = {isa = PBXBuildFile; fileRef = ECF81C422AE050FF000C05DC /* AddCategoryViewController.swift */; };
/* End PBXBuildFile section */

/* Begin PBXContainerItemProxy section */
		1C28436E2ADB969C00A87E99 /* PBXContainerItemProxy */ = {
			isa = PBXContainerItemProxy;
			containerPortal = 1C28434F2ADB969A00A87E99 /* Project object */;
			proxyType = 1;
			remoteGlobalIDString = 1C2843562ADB969A00A87E99;
			remoteInfo = Kkuk;
		};
		1C2843782ADB969C00A87E99 /* PBXContainerItemProxy */ = {
			isa = PBXContainerItemProxy;
			containerPortal = 1C28434F2ADB969A00A87E99 /* Project object */;
			proxyType = 1;
			remoteGlobalIDString = 1C2843562ADB969A00A87E99;
			remoteInfo = Kkuk;
		};
/* End PBXContainerItemProxy section */

/* Begin PBXFileReference section */
		0A042ED82ADFE48E002ED30D /* ContentTableViewCell.swift */ = {isa = PBXFileReference; lastKnownFileType = sourcecode.swift; path = ContentTableViewCell.swift; sourceTree = "<group>"; };
		0A042EDA2ADFF9D0002ED30D /* RecentSearchContentViewController.swift */ = {isa = PBXFileReference; lastKnownFileType = sourcecode.swift; path = RecentSearchContentViewController.swift; sourceTree = "<group>"; };
		0A042EDC2AE0F899002ED30D /* RecentSearchContentCollectionViewCell.swift */ = {isa = PBXFileReference; lastKnownFileType = sourcecode.swift; path = RecentSearchContentCollectionViewCell.swift; sourceTree = "<group>"; };
		0A9543492AE7C60300907579 /* RecentSearchManager.swift */ = {isa = PBXFileReference; lastKnownFileType = sourcecode.swift; path = RecentSearchManager.swift; sourceTree = "<group>"; };
		1C2843572ADB969A00A87E99 /* Kkuk.app */ = {isa = PBXFileReference; explicitFileType = wrapper.application; includeInIndex = 0; path = Kkuk.app; sourceTree = BUILT_PRODUCTS_DIR; };
		1C28436D2ADB969C00A87E99 /* KkukTests.xctest */ = {isa = PBXFileReference; explicitFileType = wrapper.cfbundle; includeInIndex = 0; path = KkukTests.xctest; sourceTree = BUILT_PRODUCTS_DIR; };
		1C2843712ADB969C00A87E99 /* KkukTests.swift */ = {isa = PBXFileReference; lastKnownFileType = sourcecode.swift; path = KkukTests.swift; sourceTree = "<group>"; };
		1C2843772ADB969C00A87E99 /* KkukUITests.xctest */ = {isa = PBXFileReference; explicitFileType = wrapper.cfbundle; includeInIndex = 0; path = KkukUITests.xctest; sourceTree = BUILT_PRODUCTS_DIR; };
		1C28437B2ADB969C00A87E99 /* KkukUITests.swift */ = {isa = PBXFileReference; lastKnownFileType = sourcecode.swift; path = KkukUITests.swift; sourceTree = "<group>"; };
		1C28437D2ADB969C00A87E99 /* KkukUITestsLaunchTests.swift */ = {isa = PBXFileReference; lastKnownFileType = sourcecode.swift; path = KkukUITestsLaunchTests.swift; sourceTree = "<group>"; };
		1C28438B2ADB9D0D00A87E99 /* AppDelegate.swift */ = {isa = PBXFileReference; fileEncoding = 4; lastKnownFileType = sourcecode.swift; path = AppDelegate.swift; sourceTree = "<group>"; };
		1C28438C2ADB9D0D00A87E99 /* SceneDelegate.swift */ = {isa = PBXFileReference; fileEncoding = 4; lastKnownFileType = sourcecode.swift; path = SceneDelegate.swift; sourceTree = "<group>"; };
		1C2843932ADC2C5600A87E99 /* LaunchScreen.storyboard */ = {isa = PBXFileReference; fileEncoding = 4; lastKnownFileType = file.storyboard; path = LaunchScreen.storyboard; sourceTree = "<group>"; };
		1C2843942ADC2C5600A87E99 /* Assets.xcassets */ = {isa = PBXFileReference; lastKnownFileType = folder.assetcatalog; path = Assets.xcassets; sourceTree = "<group>"; };
		1C2843952ADC2C5600A87E99 /* Info.plist */ = {isa = PBXFileReference; fileEncoding = 4; lastKnownFileType = text.plist.xml; path = Info.plist; sourceTree = "<group>"; };
		1C2843A02ADC2F7000A87E99 /* Coordinator.swift */ = {isa = PBXFileReference; fileEncoding = 4; lastKnownFileType = sourcecode.swift; path = Coordinator.swift; sourceTree = "<group>"; };
		1C2843A22ADC2F7000A87E99 /* BaseUIViewController.swift */ = {isa = PBXFileReference; fileEncoding = 4; lastKnownFileType = sourcecode.swift; path = BaseUIViewController.swift; sourceTree = "<group>"; };
		1C2843A72ADD0C0F00A87E99 /* HomeViewController.swift */ = {isa = PBXFileReference; lastKnownFileType = sourcecode.swift; path = HomeViewController.swift; sourceTree = "<group>"; };
		1C2843B02ADD0D6300A87E99 /* AppInfoViewController.swift */ = {isa = PBXFileReference; fileEncoding = 4; lastKnownFileType = sourcecode.swift; path = AppInfoViewController.swift; sourceTree = "<group>"; };
		1C2843B82ADD0DD400A87E99 /* CategoryViewController.swift */ = {isa = PBXFileReference; lastKnownFileType = sourcecode.swift; path = CategoryViewController.swift; sourceTree = "<group>"; };
		1C2843BE2ADD0F5300A87E99 /* SearchContentViewController.swift */ = {isa = PBXFileReference; lastKnownFileType = sourcecode.swift; path = SearchContentViewController.swift; sourceTree = "<group>"; };
		1C2843C72ADD0FD600A87E99 /* AddContentViewController.swift */ = {isa = PBXFileReference; lastKnownFileType = sourcecode.swift; path = AddContentViewController.swift; sourceTree = "<group>"; };
		1C2843CE2ADD11B600A87E99 /* AppTabBarController.swift */ = {isa = PBXFileReference; lastKnownFileType = sourcecode.swift; path = AppTabBarController.swift; sourceTree = "<group>"; };
		1C2843D02ADD2C5C00A87E99 /* BaseUITableViewCell.swift */ = {isa = PBXFileReference; lastKnownFileType = sourcecode.swift; path = BaseUITableViewCell.swift; sourceTree = "<group>"; };
		1C2843D22ADD2C6800A87E99 /* BaseUICollectionViewCell.swift */ = {isa = PBXFileReference; lastKnownFileType = sourcecode.swift; path = BaseUICollectionViewCell.swift; sourceTree = "<group>"; };
		1C2843D52ADD2F9300A87E99 /* UIView+AddSubviews.swift */ = {isa = PBXFileReference; lastKnownFileType = sourcecode.swift; path = "UIView+AddSubviews.swift"; sourceTree = "<group>"; };
		1C2843D72ADD2FF600A87E99 /* UIStackView+AddArrangedSubviews.swift */ = {isa = PBXFileReference; lastKnownFileType = sourcecode.swift; path = "UIStackView+AddArrangedSubviews.swift"; sourceTree = "<group>"; };
		1C2843DB2ADD388700A87E99 /* And.swift */ = {isa = PBXFileReference; fileEncoding = 4; lastKnownFileType = sourcecode.swift; path = And.swift; sourceTree = "<group>"; };
		1C2843E12ADD478A00A87E99 /* .gitkeep */ = {isa = PBXFileReference; lastKnownFileType = text; path = .gitkeep; sourceTree = "<group>"; };
		1C2843E32ADD479400A87E99 /* .gitkeep */ = {isa = PBXFileReference; lastKnownFileType = text; path = .gitkeep; sourceTree = "<group>"; };
		1C28441C2ADED52B00A87E99 /* Pretendard-Regular.otf */ = {isa = PBXFileReference; lastKnownFileType = file; path = "Pretendard-Regular.otf"; sourceTree = "<group>"; };
		1C28441D2ADED52B00A87E99 /* Pretendard-Medium.otf */ = {isa = PBXFileReference; lastKnownFileType = file; path = "Pretendard-Medium.otf"; sourceTree = "<group>"; };
		1C28441E2ADED52B00A87E99 /* Pretendard-Light.otf */ = {isa = PBXFileReference; lastKnownFileType = file; path = "Pretendard-Light.otf"; sourceTree = "<group>"; };
		1C28441F2ADED52B00A87E99 /* Pretendard-Bold.otf */ = {isa = PBXFileReference; lastKnownFileType = file; path = "Pretendard-Bold.otf"; sourceTree = "<group>"; };
		1C2844202ADED52B00A87E99 /* Pretendard-SemiBold.otf */ = {isa = PBXFileReference; lastKnownFileType = file; path = "Pretendard-SemiBold.otf"; sourceTree = "<group>"; };
		1C2844262ADED5E500A87E99 /* UIFont+FontSizes.swift */ = {isa = PBXFileReference; lastKnownFileType = sourcecode.swift; path = "UIFont+FontSizes.swift"; sourceTree = "<group>"; };
		1C328F882AE92F8D0040D883 /* WebViewController.swift */ = {isa = PBXFileReference; lastKnownFileType = sourcecode.swift; path = WebViewController.swift; sourceTree = "<group>"; };
		1C328F8C2AE9368D0040D883 /* WebViewToolbar.swift */ = {isa = PBXFileReference; lastKnownFileType = sourcecode.swift; path = WebViewToolbar.swift; sourceTree = "<group>"; };
		1C79EFF52AE7641000B5A97A /* UIImage+LoadAsset.swift */ = {isa = PBXFileReference; lastKnownFileType = sourcecode.swift; path = "UIImage+LoadAsset.swift"; sourceTree = "<group>"; };
		1C79EFF82AE7675A00B5A97A /* Asset.swift */ = {isa = PBXFileReference; lastKnownFileType = sourcecode.swift; path = Asset.swift; sourceTree = "<group>"; };
		1C79EFFF2AE7E6EF00B5A97A /* HTMLParseService.swift */ = {isa = PBXFileReference; lastKnownFileType = sourcecode.swift; path = HTMLParseService.swift; sourceTree = "<group>"; };
		1C79F0012AE7E94400B5A97A /* OpenGraphService.swift */ = {isa = PBXFileReference; lastKnownFileType = sourcecode.swift; path = OpenGraphService.swift; sourceTree = "<group>"; };
		1C79F0052AE7F67300B5A97A /* AppTabBarItem.swift */ = {isa = PBXFileReference; lastKnownFileType = sourcecode.swift; path = AppTabBarItem.swift; sourceTree = "<group>"; };
		1CAEBE662AEBE8CA00FF4CF2 /* CompleteButton.swift */ = {isa = PBXFileReference; lastKnownFileType = sourcecode.swift; path = CompleteButton.swift; sourceTree = "<group>"; };
		1CAEBE682AEBFD5500FF4CF2 /* InduceLabel.swift */ = {isa = PBXFileReference; lastKnownFileType = sourcecode.swift; path = InduceLabel.swift; sourceTree = "<group>"; };
		1CAEBE6C2AED434700FF4CF2 /* Toast.swift */ = {isa = PBXFileReference; lastKnownFileType = sourcecode.swift; path = Toast.swift; sourceTree = "<group>"; };
		1CAEBE6E2AF1278500FF4CF2 /* OptionalLabel.swift */ = {isa = PBXFileReference; lastKnownFileType = sourcecode.swift; path = OptionalLabel.swift; sourceTree = "<group>"; };
		1CB63FF92AF33EC9003BDB62 /* SelectCategoryCell.swift */ = {isa = PBXFileReference; fileEncoding = 4; lastKnownFileType = sourcecode.swift; path = SelectCategoryCell.swift; sourceTree = "<group>"; };
		1CB63FFB2AF4CC6F003BDB62 /* RedirectAddCategoryButton.swift */ = {isa = PBXFileReference; lastKnownFileType = sourcecode.swift; path = RedirectAddCategoryButton.swift; sourceTree = "<group>"; };
		55791ABF2AE7AEC7005C06C4 /* CategoryInnerViewController.swift */ = {isa = PBXFileReference; fileEncoding = 4; lastKnownFileType = sourcecode.swift; path = CategoryInnerViewController.swift; sourceTree = "<group>"; };
		55791AC22AE7AED9005C06C4 /* CategoryTableViewCell.swift */ = {isa = PBXFileReference; fileEncoding = 4; lastKnownFileType = sourcecode.swift; path = CategoryTableViewCell.swift; sourceTree = "<group>"; };
		55791AD12AEBC0FF005C06C4 /* Category.swift */ = {isa = PBXFileReference; lastKnownFileType = sourcecode.swift; path = Category.swift; sourceTree = "<group>"; };
		55791AD32AEBC136005C06C4 /* RealmCategoryService.swift */ = {isa = PBXFileReference; lastKnownFileType = sourcecode.swift; path = RealmCategoryService.swift; sourceTree = "<group>"; };
		55B5050F2AF7325200869130 /* PanModalTableViewCell.swift */ = {isa = PBXFileReference; lastKnownFileType = sourcecode.swift; path = PanModalTableViewCell.swift; sourceTree = "<group>"; };
		55B505112AF7326E00869130 /* PanModalTableViewController.swift */ = {isa = PBXFileReference; lastKnownFileType = sourcecode.swift; path = PanModalTableViewController.swift; sourceTree = "<group>"; };
		55B505132AF75F3F00869130 /* EditCategoryViewController.swift */ = {isa = PBXFileReference; lastKnownFileType = sourcecode.swift; path = EditCategoryViewController.swift; sourceTree = "<group>"; };
		C352F49E2AE7980F0016398A /* EmptyStateView.swift */ = {isa = PBXFileReference; lastKnownFileType = sourcecode.swift; path = EmptyStateView.swift; sourceTree = "<group>"; };
		C352F4A22AE825F40016398A /* SettingItemCell.swift */ = {isa = PBXFileReference; lastKnownFileType = sourcecode.swift; path = SettingItemCell.swift; sourceTree = "<group>"; };
		C352F4A92AEB81170016398A /* ContentModel.swift */ = {isa = PBXFileReference; lastKnownFileType = sourcecode.swift; path = ContentModel.swift; sourceTree = "<group>"; };
		C352F4AD2AEB87330016398A /* ContentManager.swift */ = {isa = PBXFileReference; lastKnownFileType = sourcecode.swift; path = ContentManager.swift; sourceTree = "<group>"; };
		C3A65F012ADEFBC500A100A7 /* UIColor+AppColor.swift */ = {isa = PBXFileReference; lastKnownFileType = sourcecode.swift; path = "UIColor+AppColor.swift"; sourceTree = "<group>"; };
		C3A65F052AE0316F00A100A7 /* RecommendPagingView.swift */ = {isa = PBXFileReference; lastKnownFileType = sourcecode.swift; path = RecommendPagingView.swift; sourceTree = "<group>"; };
		C3A65F072AE0326500A100A7 /* RecommendView.swift */ = {isa = PBXFileReference; lastKnownFileType = sourcecode.swift; path = RecommendView.swift; sourceTree = "<group>"; };
		ECD225642AE7883B009CA421 /* AddCategoryView.swift */ = {isa = PBXFileReference; lastKnownFileType = sourcecode.swift; path = AddCategoryView.swift; sourceTree = "<group>"; };
		ECF81C422AE050FF000C05DC /* AddCategoryViewController.swift */ = {isa = PBXFileReference; lastKnownFileType = sourcecode.swift; path = AddCategoryViewController.swift; sourceTree = "<group>"; };
/* End PBXFileReference section */

/* Begin PBXFrameworksBuildPhase section */
		1C2843542ADB969A00A87E99 /* Frameworks */ = {
			isa = PBXFrameworksBuildPhase;
			buildActionMask = 2147483647;
			files = (
				1C2843F82ADE9AB600A87E99 /* RealmSwift in Frameworks */,
				1C2843F32ADE9A1400A87E99 /* PanModal in Frameworks */,
				1C2843F02ADE99EF00A87E99 /* Kingfisher in Frameworks */,
				1C2843FB2ADE9AE200A87E99 /* SnapKit in Frameworks */,
				1C2843FE2ADE9AF400A87E99 /* SkeletonView in Frameworks */,
				1C2843EA2ADE996200A87E99 /* Alamofire in Frameworks */,
				1C2843ED2ADE99D400A87E99 /* IQKeyboardManagerSwift in Frameworks */,
				1C2843F62ADE9AB600A87E99 /* Realm in Frameworks */,
				1C2844012ADE9B0100A87E99 /* SwiftSoup in Frameworks */,
			);
			runOnlyForDeploymentPostprocessing = 0;
		};
		1C28436A2ADB969C00A87E99 /* Frameworks */ = {
			isa = PBXFrameworksBuildPhase;
			buildActionMask = 2147483647;
			files = (
			);
			runOnlyForDeploymentPostprocessing = 0;
		};
		1C2843742ADB969C00A87E99 /* Frameworks */ = {
			isa = PBXFrameworksBuildPhase;
			buildActionMask = 2147483647;
			files = (
			);
			runOnlyForDeploymentPostprocessing = 0;
		};
/* End PBXFrameworksBuildPhase section */

/* Begin PBXGroup section */
		1C28434E2ADB969A00A87E99 = {
			isa = PBXGroup;
			children = (
				1C2843592ADB969A00A87E99 /* Kkuk */,
				1C2843702ADB969C00A87E99 /* KkukTests */,
				1C28437A2ADB969C00A87E99 /* KkukUITests */,
				1C2843582ADB969A00A87E99 /* Products */,
			);
			sourceTree = "<group>";
		};
		1C2843582ADB969A00A87E99 /* Products */ = {
			isa = PBXGroup;
			children = (
				1C2843572ADB969A00A87E99 /* Kkuk.app */,
				1C28436D2ADB969C00A87E99 /* KkukTests.xctest */,
				1C2843772ADB969C00A87E99 /* KkukUITests.xctest */,
			);
			name = Products;
			sourceTree = "<group>";
		};
		1C2843592ADB969A00A87E99 /* Kkuk */ = {
			isa = PBXGroup;
			children = (
				1C79EFFE2AE7E46700B5A97A /* Service */,
				1C2843DD2ADD477A00A87E99 /* Core */,
				1C2843992ADC2CD400A87E99 /* Presentation */,
				1C28438F2ADB9D8800A87E99 /* Global */,
				1C28438A2ADB9D0D00A87E99 /* Application */,
			);
			path = Kkuk;
			sourceTree = "<group>";
		};
		1C2843702ADB969C00A87E99 /* KkukTests */ = {
			isa = PBXGroup;
			children = (
				1C2843712ADB969C00A87E99 /* KkukTests.swift */,
			);
			path = KkukTests;
			sourceTree = "<group>";
		};
		1C28437A2ADB969C00A87E99 /* KkukUITests */ = {
			isa = PBXGroup;
			children = (
				1C28437B2ADB969C00A87E99 /* KkukUITests.swift */,
				1C28437D2ADB969C00A87E99 /* KkukUITestsLaunchTests.swift */,
			);
			path = KkukUITests;
			sourceTree = "<group>";
		};
		1C28438A2ADB9D0D00A87E99 /* Application */ = {
			isa = PBXGroup;
			children = (
				1C28438B2ADB9D0D00A87E99 /* AppDelegate.swift */,
				1C28438C2ADB9D0D00A87E99 /* SceneDelegate.swift */,
				1C2843CE2ADD11B600A87E99 /* AppTabBarController.swift */,
			);
			path = Application;
			sourceTree = "<group>";
		};
		1C28438F2ADB9D8800A87E99 /* Global */ = {
			isa = PBXGroup;
			children = (
				1C2843922ADC2C5600A87E99 /* Resource */,
				1CAEBE652AEBE88B00FF4CF2 /* Component */,
				1C79EFF72AE7673D00B5A97A /* Enum */,
				1C2843D42ADD2F8000A87E99 /* Extension */,
				1C2843A12ADC2F7000A87E99 /* Base */,
				1C28439F2ADC2F7000A87E99 /* Protocol */,
			);
			path = Global;
			sourceTree = "<group>";
		};
		1C2843922ADC2C5600A87E99 /* Resource */ = {
			isa = PBXGroup;
			children = (
				1C28441B2ADED52B00A87E99 /* Font */,
				1C2843932ADC2C5600A87E99 /* LaunchScreen.storyboard */,
				1C2843942ADC2C5600A87E99 /* Assets.xcassets */,
				1C2843952ADC2C5600A87E99 /* Info.plist */,
			);
			path = Resource;
			sourceTree = "<group>";
		};
		1C2843992ADC2CD400A87E99 /* Presentation */ = {
			isa = PBXGroup;
			children = (
				1C328F862AE92F6E0040D883 /* Web */,
				1C2843BC2ADD0F3D00A87E99 /* SearchContent */,
				1C2843BA2ADD0F0000A87E99 /* AddContent */,
				1C2843AE2ADD0D6300A87E99 /* AppInfo */,
				1C28439A2ADC2D2C00A87E99 /* Category */,
				1C28439B2ADC2D2C00A87E99 /* Home */,
			);
			path = Presentation;
			sourceTree = "<group>";
		};
		1C28439A2ADC2D2C00A87E99 /* Category */ = {
			isa = PBXGroup;
			children = (
				1C2843C32ADD0F9800A87E99 /* Component */,
				1C2843B72ADD0DC100A87E99 /* View */,
			);
			path = Category;
			sourceTree = "<group>";
		};
		1C28439B2ADC2D2C00A87E99 /* Home */ = {
			isa = PBXGroup;
			children = (
				1C2843A62ADD0C0200A87E99 /* Component */,
				1C2843A52ADD0BE800A87E99 /* View */,
			);
			path = Home;
			sourceTree = "<group>";
		};
		1C28439F2ADC2F7000A87E99 /* Protocol */ = {
			isa = PBXGroup;
			children = (
				1C2843DB2ADD388700A87E99 /* And.swift */,
				1C2843A02ADC2F7000A87E99 /* Coordinator.swift */,
			);
			path = Protocol;
			sourceTree = "<group>";
		};
		1C2843A12ADC2F7000A87E99 /* Base */ = {
			isa = PBXGroup;
			children = (
				1C2843A22ADC2F7000A87E99 /* BaseUIViewController.swift */,
				1C2843D02ADD2C5C00A87E99 /* BaseUITableViewCell.swift */,
				1C2843D22ADD2C6800A87E99 /* BaseUICollectionViewCell.swift */,
			);
			path = Base;
			sourceTree = "<group>";
		};
		1C2843A52ADD0BE800A87E99 /* View */ = {
			isa = PBXGroup;
			children = (
				1C2843A72ADD0C0F00A87E99 /* HomeViewController.swift */,
			);
			path = View;
			sourceTree = "<group>";
		};
		1C2843A62ADD0C0200A87E99 /* Component */ = {
			isa = PBXGroup;
			children = (
				C3A65F052AE0316F00A100A7 /* RecommendPagingView.swift */,
				C3A65F072AE0326500A100A7 /* RecommendView.swift */,
				C352F49E2AE7980F0016398A /* EmptyStateView.swift */,
			);
			path = Component;
			sourceTree = "<group>";
		};
		1C2843AE2ADD0D6300A87E99 /* AppInfo */ = {
			isa = PBXGroup;
			children = (
				1C2843B42ADD0D9C00A87E99 /* Component */,
				1C2843AF2ADD0D6300A87E99 /* View */,
			);
			path = AppInfo;
			sourceTree = "<group>";
		};
		1C2843AF2ADD0D6300A87E99 /* View */ = {
			isa = PBXGroup;
			children = (
				1C2843B02ADD0D6300A87E99 /* AppInfoViewController.swift */,
			);
			path = View;
			sourceTree = "<group>";
		};
		1C2843B42ADD0D9C00A87E99 /* Component */ = {
			isa = PBXGroup;
			children = (
				C352F4A22AE825F40016398A /* SettingItemCell.swift */,
			);
			path = Component;
			sourceTree = "<group>";
		};
		1C2843B72ADD0DC100A87E99 /* View */ = {
			isa = PBXGroup;
			children = (
				55791ABF2AE7AEC7005C06C4 /* CategoryInnerViewController.swift */,
				1C2843B82ADD0DD400A87E99 /* CategoryViewController.swift */,
				ECF81C422AE050FF000C05DC /* AddCategoryViewController.swift */,
				55B505112AF7326E00869130 /* PanModalTableViewController.swift */,
				55B505132AF75F3F00869130 /* EditCategoryViewController.swift */,
			);
			path = View;
			sourceTree = "<group>";
		};
		1C2843BA2ADD0F0000A87E99 /* AddContent */ = {
			isa = PBXGroup;
			children = (
				1C2843C92ADD0FF500A87E99 /* Component */,
				1C2843C62ADD0FC600A87E99 /* View */,
			);
			path = AddContent;
			sourceTree = "<group>";
		};
		1C2843BC2ADD0F3D00A87E99 /* SearchContent */ = {
			isa = PBXGroup;
			children = (
				1C2843C02ADD0F6B00A87E99 /* Component */,
				1C2843BD2ADD0F4600A87E99 /* View */,
			);
			path = SearchContent;
			sourceTree = "<group>";
		};
		1C2843BD2ADD0F4600A87E99 /* View */ = {
			isa = PBXGroup;
			children = (
				1C2843BE2ADD0F5300A87E99 /* SearchContentViewController.swift */,
				0A042EDA2ADFF9D0002ED30D /* RecentSearchContentViewController.swift */,
			);
			path = View;
			sourceTree = "<group>";
		};
		1C2843C02ADD0F6B00A87E99 /* Component */ = {
			isa = PBXGroup;
			children = (
				0A042ED82ADFE48E002ED30D /* ContentTableViewCell.swift */,
				0A042EDC2AE0F899002ED30D /* RecentSearchContentCollectionViewCell.swift */,
			);
			path = Component;
			sourceTree = "<group>";
		};
		1C2843C32ADD0F9800A87E99 /* Component */ = {
			isa = PBXGroup;
			children = (
				55791AC22AE7AED9005C06C4 /* CategoryTableViewCell.swift */,
				ECD225642AE7883B009CA421 /* AddCategoryView.swift */,
				55B5050F2AF7325200869130 /* PanModalTableViewCell.swift */,
			);
			path = Component;
			sourceTree = "<group>";
		};
		1C2843C62ADD0FC600A87E99 /* View */ = {
			isa = PBXGroup;
			children = (
				1C2843C72ADD0FD600A87E99 /* AddContentViewController.swift */,
			);
			path = View;
			sourceTree = "<group>";
		};
		1C2843C92ADD0FF500A87E99 /* Component */ = {
			isa = PBXGroup;
			children = (
				1CB63FF92AF33EC9003BDB62 /* SelectCategoryCell.swift */,
				1CB63FFB2AF4CC6F003BDB62 /* RedirectAddCategoryButton.swift */,
			);
			path = Component;
			sourceTree = "<group>";
		};
		1C2843D42ADD2F8000A87E99 /* Extension */ = {
			isa = PBXGroup;
			children = (
				1C2843D52ADD2F9300A87E99 /* UIView+AddSubviews.swift */,
				1C2843D72ADD2FF600A87E99 /* UIStackView+AddArrangedSubviews.swift */,
				1C2844262ADED5E500A87E99 /* UIFont+FontSizes.swift */,
				C3A65F012ADEFBC500A100A7 /* UIColor+AppColor.swift */,
				1C79EFF52AE7641000B5A97A /* UIImage+LoadAsset.swift */,
			);
			path = Extension;
			sourceTree = "<group>";
		};
		1C2843DD2ADD477A00A87E99 /* Core */ = {
			isa = PBXGroup;
			children = (
				1C2843DE2ADD477A00A87E99 /* Mock */,
				1C2843DF2ADD477A00A87E99 /* Network */,
				1C2843E02ADD477A00A87E99 /* Model */,
				C352F4AC2AEB87040016398A /* Manager */,
			);
			path = Core;
			sourceTree = "<group>";
		};
		1C2843DE2ADD477A00A87E99 /* Mock */ = {
			isa = PBXGroup;
			children = (
				1C2843E12ADD478A00A87E99 /* .gitkeep */,
			);
			path = Mock;
			sourceTree = "<group>";
		};
		1C2843DF2ADD477A00A87E99 /* Network */ = {
			isa = PBXGroup;
			children = (
				1C2843E32ADD479400A87E99 /* .gitkeep */,
			);
			path = Network;
			sourceTree = "<group>";
		};
		1C2843E02ADD477A00A87E99 /* Model */ = {
			isa = PBXGroup;
			children = (
				0A9543492AE7C60300907579 /* RecentSearchManager.swift */,
				55791AD12AEBC0FF005C06C4 /* Category.swift */,
				C352F4A92AEB81170016398A /* ContentModel.swift */,
			);
			path = Model;
			sourceTree = "<group>";
		};
		1C28441B2ADED52B00A87E99 /* Font */ = {
			isa = PBXGroup;
			children = (
				1C28441C2ADED52B00A87E99 /* Pretendard-Regular.otf */,
				1C28441D2ADED52B00A87E99 /* Pretendard-Medium.otf */,
				1C28441E2ADED52B00A87E99 /* Pretendard-Light.otf */,
				1C28441F2ADED52B00A87E99 /* Pretendard-Bold.otf */,
				1C2844202ADED52B00A87E99 /* Pretendard-SemiBold.otf */,
			);
			path = Font;
			sourceTree = "<group>";
		};
		1C328F862AE92F6E0040D883 /* Web */ = {
			isa = PBXGroup;
			children = (
				1C328F8B2AE9366F0040D883 /* Component */,
				1C328F872AE92F800040D883 /* View */,
			);
			path = Web;
			sourceTree = "<group>";
		};
		1C328F872AE92F800040D883 /* View */ = {
			isa = PBXGroup;
			children = (
				1C328F882AE92F8D0040D883 /* WebViewController.swift */,
			);
			path = View;
			sourceTree = "<group>";
		};
		1C328F8B2AE9366F0040D883 /* Component */ = {
			isa = PBXGroup;
			children = (
				1C328F8C2AE9368D0040D883 /* WebViewToolbar.swift */,
			);
			path = Component;
			sourceTree = "<group>";
		};
		1C79EFF72AE7673D00B5A97A /* Enum */ = {
			isa = PBXGroup;
			children = (
				1C79EFF82AE7675A00B5A97A /* Asset.swift */,
				1C79F0052AE7F67300B5A97A /* AppTabBarItem.swift */,
			);
			path = Enum;
			sourceTree = "<group>";
		};
		1C79EFFE2AE7E46700B5A97A /* Service */ = {
			isa = PBXGroup;
			children = (
				1C79EFFF2AE7E6EF00B5A97A /* HTMLParseService.swift */,
				1C79F0012AE7E94400B5A97A /* OpenGraphService.swift */,
				55791AD32AEBC136005C06C4 /* RealmCategoryService.swift */,
			);
			path = Service;
			sourceTree = "<group>";
		};
		1CAEBE652AEBE88B00FF4CF2 /* Component */ = {
			isa = PBXGroup;
			children = (
				1CAEBE662AEBE8CA00FF4CF2 /* CompleteButton.swift */,
				1CAEBE682AEBFD5500FF4CF2 /* InduceLabel.swift */,
				1CAEBE6C2AED434700FF4CF2 /* Toast.swift */,
				1CAEBE6E2AF1278500FF4CF2 /* OptionalLabel.swift */,
			);
			path = Component;
			sourceTree = "<group>";
		};
		C352F4AC2AEB87040016398A /* Manager */ = {
			isa = PBXGroup;
			children = (
				C352F4AD2AEB87330016398A /* ContentManager.swift */,
			);
			path = Manager;
			sourceTree = "<group>";
		};
/* End PBXGroup section */

/* Begin PBXNativeTarget section */
		1C2843562ADB969A00A87E99 /* Kkuk */ = {
			isa = PBXNativeTarget;
			buildConfigurationList = 1C2843812ADB969C00A87E99 /* Build configuration list for PBXNativeTarget "Kkuk" */;
			buildPhases = (
				1C2843E72ADD8CB900A87E99 /* SwiftLint */,
				1C2843532ADB969A00A87E99 /* Sources */,
				1C2843542ADB969A00A87E99 /* Frameworks */,
				1C2843552ADB969A00A87E99 /* Resources */,
			);
			buildRules = (
			);
			dependencies = (
			);
			name = Kkuk;
			packageProductDependencies = (
				1C2843E92ADE996200A87E99 /* Alamofire */,
				1C2843EC2ADE99D400A87E99 /* IQKeyboardManagerSwift */,
				1C2843EF2ADE99EF00A87E99 /* Kingfisher */,
				1C2843F22ADE9A1400A87E99 /* PanModal */,
				1C2843F52ADE9AB600A87E99 /* Realm */,
				1C2843F72ADE9AB600A87E99 /* RealmSwift */,
				1C2843FA2ADE9AE200A87E99 /* SnapKit */,
				1C2843FD2ADE9AF400A87E99 /* SkeletonView */,
				1C2844002ADE9B0100A87E99 /* SwiftSoup */,
			);
			productName = Kkuk;
			productReference = 1C2843572ADB969A00A87E99 /* Kkuk.app */;
			productType = "com.apple.product-type.application";
		};
		1C28436C2ADB969C00A87E99 /* KkukTests */ = {
			isa = PBXNativeTarget;
			buildConfigurationList = 1C2843842ADB969C00A87E99 /* Build configuration list for PBXNativeTarget "KkukTests" */;
			buildPhases = (
				1C2843692ADB969C00A87E99 /* Sources */,
				1C28436A2ADB969C00A87E99 /* Frameworks */,
				1C28436B2ADB969C00A87E99 /* Resources */,
			);
			buildRules = (
			);
			dependencies = (
				1C28436F2ADB969C00A87E99 /* PBXTargetDependency */,
			);
			name = KkukTests;
			productName = KkukTests;
			productReference = 1C28436D2ADB969C00A87E99 /* KkukTests.xctest */;
			productType = "com.apple.product-type.bundle.unit-test";
		};
		1C2843762ADB969C00A87E99 /* KkukUITests */ = {
			isa = PBXNativeTarget;
			buildConfigurationList = 1C2843872ADB969C00A87E99 /* Build configuration list for PBXNativeTarget "KkukUITests" */;
			buildPhases = (
				1C2843732ADB969C00A87E99 /* Sources */,
				1C2843742ADB969C00A87E99 /* Frameworks */,
				1C2843752ADB969C00A87E99 /* Resources */,
			);
			buildRules = (
			);
			dependencies = (
				1C2843792ADB969C00A87E99 /* PBXTargetDependency */,
			);
			name = KkukUITests;
			productName = KkukUITests;
			productReference = 1C2843772ADB969C00A87E99 /* KkukUITests.xctest */;
			productType = "com.apple.product-type.bundle.ui-testing";
		};
/* End PBXNativeTarget section */

/* Begin PBXProject section */
		1C28434F2ADB969A00A87E99 /* Project object */ = {
			isa = PBXProject;
			attributes = {
				BuildIndependentTargetsInParallel = 1;
				LastSwiftUpdateCheck = 1430;
				LastUpgradeCheck = 1430;
				TargetAttributes = {
					1C2843562ADB969A00A87E99 = {
						CreatedOnToolsVersion = 14.3.1;
					};
					1C28436C2ADB969C00A87E99 = {
						CreatedOnToolsVersion = 14.3.1;
						TestTargetID = 1C2843562ADB969A00A87E99;
					};
					1C2843762ADB969C00A87E99 = {
						CreatedOnToolsVersion = 14.3.1;
						TestTargetID = 1C2843562ADB969A00A87E99;
					};
				};
			};
			buildConfigurationList = 1C2843522ADB969A00A87E99 /* Build configuration list for PBXProject "Kkuk" */;
			compatibilityVersion = "Xcode 14.0";
			developmentRegion = en;
			hasScannedForEncodings = 0;
			knownRegions = (
				en,
				Base,
			);
			mainGroup = 1C28434E2ADB969A00A87E99;
			packageReferences = (
				1C2843E82ADE996200A87E99 /* XCRemoteSwiftPackageReference "Alamofire" */,
				1C2843EB2ADE99D400A87E99 /* XCRemoteSwiftPackageReference "IQKeyboardManager" */,
				1C2843EE2ADE99EF00A87E99 /* XCRemoteSwiftPackageReference "Kingfisher" */,
				1C2843F12ADE9A1400A87E99 /* XCRemoteSwiftPackageReference "PanModal" */,
				1C2843F42ADE9AB600A87E99 /* XCRemoteSwiftPackageReference "realm-swift" */,
				1C2843F92ADE9AE200A87E99 /* XCRemoteSwiftPackageReference "SnapKit" */,
				1C2843FC2ADE9AF400A87E99 /* XCRemoteSwiftPackageReference "SkeletonView" */,
				1C2843FF2ADE9B0100A87E99 /* XCRemoteSwiftPackageReference "SwiftSoup" */,
			);
			productRefGroup = 1C2843582ADB969A00A87E99 /* Products */;
			projectDirPath = "";
			projectRoot = "";
			targets = (
				1C2843562ADB969A00A87E99 /* Kkuk */,
				1C28436C2ADB969C00A87E99 /* KkukTests */,
				1C2843762ADB969C00A87E99 /* KkukUITests */,
			);
		};
/* End PBXProject section */

/* Begin PBXResourcesBuildPhase section */
		1C2843552ADB969A00A87E99 /* Resources */ = {
			isa = PBXResourcesBuildPhase;
			buildActionMask = 2147483647;
			files = (
				1C2843972ADC2C5600A87E99 /* Assets.xcassets in Resources */,
				1C2844242ADED52B00A87E99 /* Pretendard-Bold.otf in Resources */,
				1C2844252ADED52B00A87E99 /* Pretendard-SemiBold.otf in Resources */,
				1C2844212ADED52B00A87E99 /* Pretendard-Regular.otf in Resources */,
				1C2843962ADC2C5600A87E99 /* LaunchScreen.storyboard in Resources */,
				1C2844232ADED52B00A87E99 /* Pretendard-Light.otf in Resources */,
				1C2844222ADED52B00A87E99 /* Pretendard-Medium.otf in Resources */,
			);
			runOnlyForDeploymentPostprocessing = 0;
		};
		1C28436B2ADB969C00A87E99 /* Resources */ = {
			isa = PBXResourcesBuildPhase;
			buildActionMask = 2147483647;
			files = (
			);
			runOnlyForDeploymentPostprocessing = 0;
		};
		1C2843752ADB969C00A87E99 /* Resources */ = {
			isa = PBXResourcesBuildPhase;
			buildActionMask = 2147483647;
			files = (
			);
			runOnlyForDeploymentPostprocessing = 0;
		};
/* End PBXResourcesBuildPhase section */

/* Begin PBXShellScriptBuildPhase section */
		1C2843E72ADD8CB900A87E99 /* SwiftLint */ = {
			isa = PBXShellScriptBuildPhase;
			alwaysOutOfDate = 1;
			buildActionMask = 2147483647;
			files = (
			);
			inputFileListPaths = (
			);
			inputPaths = (
			);
			name = SwiftLint;
			outputFileListPaths = (
			);
			outputPaths = (
			);
			runOnlyForDeploymentPostprocessing = 0;
			shellPath = /bin/sh;
			shellScript = "if [[ \"$(uname -m)\" == arm64 ]]; then\n    export PATH=\"/opt/homebrew/bin:$PATH\"\nfi\n\nexport PATH\n\nif which swiftlint > /dev/null; then\n  swiftlint\nelse\n  echo \"warning: SwiftLint not installed, download from https://github.com/realm/SwiftLint\"\nfi\n";
		};
/* End PBXShellScriptBuildPhase section */

/* Begin PBXSourcesBuildPhase section */
		1C2843532ADB969A00A87E99 /* Sources */ = {
			isa = PBXSourcesBuildPhase;
			buildActionMask = 2147483647;
			files = (
				1CAEBE692AEBFD5500FF4CF2 /* InduceLabel.swift in Sources */,
				1C328F892AE92F8D0040D883 /* WebViewController.swift in Sources */,
				ECD225652AE7883B009CA421 /* AddCategoryView.swift in Sources */,
				1C2844272ADED5E500A87E99 /* UIFont+FontSizes.swift in Sources */,
				1C2843C82ADD0FD600A87E99 /* AddContentViewController.swift in Sources */,
				C3A65F062AE0316F00A100A7 /* RecommendPagingView.swift in Sources */,
				C352F4AE2AEB87330016398A /* ContentManager.swift in Sources */,
				55791AC42AE7AED9005C06C4 /* CategoryTableViewCell.swift in Sources */,
				1C79F0062AE7F67300B5A97A /* AppTabBarItem.swift in Sources */,
				1C2843CF2ADD11B600A87E99 /* AppTabBarController.swift in Sources */,
				1C328F8D2AE9368D0040D883 /* WebViewToolbar.swift in Sources */,
				1CB63FFC2AF4CC6F003BDB62 /* RedirectAddCategoryButton.swift in Sources */,
				0A042ED92ADFE48E002ED30D /* ContentTableViewCell.swift in Sources */,
				55B505142AF75F3F00869130 /* EditCategoryViewController.swift in Sources */,
				1C79EFF92AE7675A00B5A97A /* Asset.swift in Sources */,
				1C2843A82ADD0C0F00A87E99 /* HomeViewController.swift in Sources */,
				1C28438D2ADB9D0D00A87E99 /* AppDelegate.swift in Sources */,
				1C2843B92ADD0DD400A87E99 /* CategoryViewController.swift in Sources */,
				C3A65F022ADEFBC500A100A7 /* UIColor+AppColor.swift in Sources */,
				1C2843A42ADC2F7000A87E99 /* BaseUIViewController.swift in Sources */,
				1C2843DC2ADD388700A87E99 /* And.swift in Sources */,
				55791AC02AE7AEC7005C06C4 /* CategoryInnerViewController.swift in Sources */,
				1CAEBE6D2AED434700FF4CF2 /* Toast.swift in Sources */,
				1CAEBE6F2AF1278500FF4CF2 /* OptionalLabel.swift in Sources */,
				1C2843D82ADD2FF600A87E99 /* UIStackView+AddArrangedSubviews.swift in Sources */,
				1C79F0022AE7E94400B5A97A /* OpenGraphService.swift in Sources */,
				C3A65F082AE0326500A100A7 /* RecommendView.swift in Sources */,
				1C2843BF2ADD0F5300A87E99 /* SearchContentViewController.swift in Sources */,
				C352F4A32AE825F40016398A /* SettingItemCell.swift in Sources */,
				ECF81C432AE050FF000C05DC /* AddCategoryViewController.swift in Sources */,
				1CAEBE672AEBE8CA00FF4CF2 /* CompleteButton.swift in Sources */,
				55791AD42AEBC136005C06C4 /* RealmCategoryService.swift in Sources */,
				0A042EDD2AE0F899002ED30D /* RecentSearchContentCollectionViewCell.swift in Sources */,
				C352F4AA2AEB81170016398A /* ContentModel.swift in Sources */,
				C352F49F2AE7980F0016398A /* EmptyStateView.swift in Sources */,
				0A95434A2AE7C60300907579 /* RecentSearchManager.swift in Sources */,
				1C2843D62ADD2F9300A87E99 /* UIView+AddSubviews.swift in Sources */,
				1C2843D12ADD2C5C00A87E99 /* BaseUITableViewCell.swift in Sources */,
				1C79F0002AE7E6EF00B5A97A /* HTMLParseService.swift in Sources */,
				0A042EDB2ADFF9D0002ED30D /* RecentSearchContentViewController.swift in Sources */,
				1C28438E2ADB9D0D00A87E99 /* SceneDelegate.swift in Sources */,
				1CB63FFA2AF33EC9003BDB62 /* SelectCategoryCell.swift in Sources */,
				1C79EFF62AE7641000B5A97A /* UIImage+LoadAsset.swift in Sources */,
				55791AD22AEBC0FF005C06C4 /* Category.swift in Sources */,
				1C2843B12ADD0D6300A87E99 /* AppInfoViewController.swift in Sources */,
				1C2843A32ADC2F7000A87E99 /* Coordinator.swift in Sources */,
				55B505122AF7326E00869130 /* PanModalTableViewController.swift in Sources */,
				55B505102AF7325200869130 /* PanModalTableViewCell.swift in Sources */,
				1C2843D32ADD2C6800A87E99 /* BaseUICollectionViewCell.swift in Sources */,
			);
			runOnlyForDeploymentPostprocessing = 0;
		};
		1C2843692ADB969C00A87E99 /* Sources */ = {
			isa = PBXSourcesBuildPhase;
			buildActionMask = 2147483647;
			files = (
				1C2843722ADB969C00A87E99 /* KkukTests.swift in Sources */,
			);
			runOnlyForDeploymentPostprocessing = 0;
		};
		1C2843732ADB969C00A87E99 /* Sources */ = {
			isa = PBXSourcesBuildPhase;
			buildActionMask = 2147483647;
			files = (
				1C28437E2ADB969C00A87E99 /* KkukUITestsLaunchTests.swift in Sources */,
				1C28437C2ADB969C00A87E99 /* KkukUITests.swift in Sources */,
			);
			runOnlyForDeploymentPostprocessing = 0;
		};
/* End PBXSourcesBuildPhase section */

/* Begin PBXTargetDependency section */
		1C28436F2ADB969C00A87E99 /* PBXTargetDependency */ = {
			isa = PBXTargetDependency;
			target = 1C2843562ADB969A00A87E99 /* Kkuk */;
			targetProxy = 1C28436E2ADB969C00A87E99 /* PBXContainerItemProxy */;
		};
		1C2843792ADB969C00A87E99 /* PBXTargetDependency */ = {
			isa = PBXTargetDependency;
			target = 1C2843562ADB969A00A87E99 /* Kkuk */;
			targetProxy = 1C2843782ADB969C00A87E99 /* PBXContainerItemProxy */;
		};
/* End PBXTargetDependency section */

/* Begin XCBuildConfiguration section */
		1C28437F2ADB969C00A87E99 /* Debug */ = {
			isa = XCBuildConfiguration;
			buildSettings = {
				ALWAYS_SEARCH_USER_PATHS = NO;
				CLANG_ANALYZER_NONNULL = YES;
				CLANG_ANALYZER_NUMBER_OBJECT_CONVERSION = YES_AGGRESSIVE;
				CLANG_CXX_LANGUAGE_STANDARD = "gnu++20";
				CLANG_ENABLE_MODULES = YES;
				CLANG_ENABLE_OBJC_ARC = YES;
				CLANG_ENABLE_OBJC_WEAK = YES;
				CLANG_WARN_BLOCK_CAPTURE_AUTORELEASING = YES;
				CLANG_WARN_BOOL_CONVERSION = YES;
				CLANG_WARN_COMMA = YES;
				CLANG_WARN_CONSTANT_CONVERSION = YES;
				CLANG_WARN_DEPRECATED_OBJC_IMPLEMENTATIONS = YES;
				CLANG_WARN_DIRECT_OBJC_ISA_USAGE = YES_ERROR;
				CLANG_WARN_DOCUMENTATION_COMMENTS = YES;
				CLANG_WARN_EMPTY_BODY = YES;
				CLANG_WARN_ENUM_CONVERSION = YES;
				CLANG_WARN_INFINITE_RECURSION = YES;
				CLANG_WARN_INT_CONVERSION = YES;
				CLANG_WARN_NON_LITERAL_NULL_CONVERSION = YES;
				CLANG_WARN_OBJC_IMPLICIT_RETAIN_SELF = YES;
				CLANG_WARN_OBJC_LITERAL_CONVERSION = YES;
				CLANG_WARN_OBJC_ROOT_CLASS = YES_ERROR;
				CLANG_WARN_QUOTED_INCLUDE_IN_FRAMEWORK_HEADER = YES;
				CLANG_WARN_RANGE_LOOP_ANALYSIS = YES;
				CLANG_WARN_STRICT_PROTOTYPES = YES;
				CLANG_WARN_SUSPICIOUS_MOVE = YES;
				CLANG_WARN_UNGUARDED_AVAILABILITY = YES_AGGRESSIVE;
				CLANG_WARN_UNREACHABLE_CODE = YES;
				CLANG_WARN__DUPLICATE_METHOD_MATCH = YES;
				COPY_PHASE_STRIP = NO;
				DEBUG_INFORMATION_FORMAT = dwarf;
				ENABLE_STRICT_OBJC_MSGSEND = YES;
				ENABLE_TESTABILITY = YES;
				GCC_C_LANGUAGE_STANDARD = gnu11;
				GCC_DYNAMIC_NO_PIC = NO;
				GCC_NO_COMMON_BLOCKS = YES;
				GCC_OPTIMIZATION_LEVEL = 0;
				GCC_PREPROCESSOR_DEFINITIONS = (
					"DEBUG=1",
					"$(inherited)",
				);
				GCC_WARN_64_TO_32_BIT_CONVERSION = YES;
				GCC_WARN_ABOUT_RETURN_TYPE = YES_ERROR;
				GCC_WARN_UNDECLARED_SELECTOR = YES;
				GCC_WARN_UNINITIALIZED_AUTOS = YES_AGGRESSIVE;
				GCC_WARN_UNUSED_FUNCTION = YES;
				GCC_WARN_UNUSED_VARIABLE = YES;
				IPHONEOS_DEPLOYMENT_TARGET = 16.4;
				MTL_ENABLE_DEBUG_INFO = INCLUDE_SOURCE;
				MTL_FAST_MATH = YES;
				ONLY_ACTIVE_ARCH = YES;
				SDKROOT = iphoneos;
				SWIFT_ACTIVE_COMPILATION_CONDITIONS = DEBUG;
				SWIFT_OPTIMIZATION_LEVEL = "-Onone";
			};
			name = Debug;
		};
		1C2843802ADB969C00A87E99 /* Release */ = {
			isa = XCBuildConfiguration;
			buildSettings = {
				ALWAYS_SEARCH_USER_PATHS = NO;
				CLANG_ANALYZER_NONNULL = YES;
				CLANG_ANALYZER_NUMBER_OBJECT_CONVERSION = YES_AGGRESSIVE;
				CLANG_CXX_LANGUAGE_STANDARD = "gnu++20";
				CLANG_ENABLE_MODULES = YES;
				CLANG_ENABLE_OBJC_ARC = YES;
				CLANG_ENABLE_OBJC_WEAK = YES;
				CLANG_WARN_BLOCK_CAPTURE_AUTORELEASING = YES;
				CLANG_WARN_BOOL_CONVERSION = YES;
				CLANG_WARN_COMMA = YES;
				CLANG_WARN_CONSTANT_CONVERSION = YES;
				CLANG_WARN_DEPRECATED_OBJC_IMPLEMENTATIONS = YES;
				CLANG_WARN_DIRECT_OBJC_ISA_USAGE = YES_ERROR;
				CLANG_WARN_DOCUMENTATION_COMMENTS = YES;
				CLANG_WARN_EMPTY_BODY = YES;
				CLANG_WARN_ENUM_CONVERSION = YES;
				CLANG_WARN_INFINITE_RECURSION = YES;
				CLANG_WARN_INT_CONVERSION = YES;
				CLANG_WARN_NON_LITERAL_NULL_CONVERSION = YES;
				CLANG_WARN_OBJC_IMPLICIT_RETAIN_SELF = YES;
				CLANG_WARN_OBJC_LITERAL_CONVERSION = YES;
				CLANG_WARN_OBJC_ROOT_CLASS = YES_ERROR;
				CLANG_WARN_QUOTED_INCLUDE_IN_FRAMEWORK_HEADER = YES;
				CLANG_WARN_RANGE_LOOP_ANALYSIS = YES;
				CLANG_WARN_STRICT_PROTOTYPES = YES;
				CLANG_WARN_SUSPICIOUS_MOVE = YES;
				CLANG_WARN_UNGUARDED_AVAILABILITY = YES_AGGRESSIVE;
				CLANG_WARN_UNREACHABLE_CODE = YES;
				CLANG_WARN__DUPLICATE_METHOD_MATCH = YES;
				COPY_PHASE_STRIP = NO;
				DEBUG_INFORMATION_FORMAT = "dwarf-with-dsym";
				ENABLE_NS_ASSERTIONS = NO;
				ENABLE_STRICT_OBJC_MSGSEND = YES;
				GCC_C_LANGUAGE_STANDARD = gnu11;
				GCC_NO_COMMON_BLOCKS = YES;
				GCC_WARN_64_TO_32_BIT_CONVERSION = YES;
				GCC_WARN_ABOUT_RETURN_TYPE = YES_ERROR;
				GCC_WARN_UNDECLARED_SELECTOR = YES;
				GCC_WARN_UNINITIALIZED_AUTOS = YES_AGGRESSIVE;
				GCC_WARN_UNUSED_FUNCTION = YES;
				GCC_WARN_UNUSED_VARIABLE = YES;
				IPHONEOS_DEPLOYMENT_TARGET = 16.4;
				MTL_ENABLE_DEBUG_INFO = NO;
				MTL_FAST_MATH = YES;
				SDKROOT = iphoneos;
				SWIFT_COMPILATION_MODE = wholemodule;
				SWIFT_OPTIMIZATION_LEVEL = "-O";
				VALIDATE_PRODUCT = YES;
			};
			name = Release;
		};
		1C2843822ADB969C00A87E99 /* Debug */ = {
			isa = XCBuildConfiguration;
			buildSettings = {
				ASSETCATALOG_COMPILER_APPICON_NAME = AppIcon;
				ASSETCATALOG_COMPILER_GLOBAL_ACCENT_COLOR_NAME = AccentColor;
				CODE_SIGN_IDENTITY = "Apple Development";
				CODE_SIGN_STYLE = Automatic;
				CURRENT_PROJECT_VERSION = 1;
				DEVELOPMENT_TEAM = 347XA53QJK;
				GENERATE_INFOPLIST_FILE = YES;
				INFOPLIST_FILE = Kkuk/Global/Resource/Info.plist;
				INFOPLIST_KEY_UIApplicationSupportsIndirectInputEvents = YES;
				INFOPLIST_KEY_UILaunchStoryboardName = LaunchScreen;
				INFOPLIST_KEY_UISupportedInterfaceOrientations_iPad = "UIInterfaceOrientationPortrait UIInterfaceOrientationPortraitUpsideDown UIInterfaceOrientationLandscapeLeft UIInterfaceOrientationLandscapeRight";
				INFOPLIST_KEY_UISupportedInterfaceOrientations_iPhone = "UIInterfaceOrientationPortrait UIInterfaceOrientationLandscapeLeft UIInterfaceOrientationLandscapeRight";
				IPHONEOS_DEPLOYMENT_TARGET = 15.0;
				LD_RUNPATH_SEARCH_PATHS = (
					"$(inherited)",
					"@executable_path/Frameworks",
				);
				MARKETING_VERSION = 1.0;
				PRODUCT_BUNDLE_IDENTIFIER = archive.nbcamp.Kkuk;
				PRODUCT_NAME = "$(TARGET_NAME)";
				PROVISIONING_PROFILE_SPECIFIER = "";
				SWIFT_EMIT_LOC_STRINGS = YES;
				SWIFT_VERSION = 5.0;
				TARGETED_DEVICE_FAMILY = "1,2";
			};
			name = Debug;
		};
		1C2843832ADB969C00A87E99 /* Release */ = {
			isa = XCBuildConfiguration;
			buildSettings = {
				ASSETCATALOG_COMPILER_APPICON_NAME = AppIcon;
				ASSETCATALOG_COMPILER_GLOBAL_ACCENT_COLOR_NAME = AccentColor;
				CODE_SIGN_IDENTITY = "Apple Development";
				CODE_SIGN_STYLE = Automatic;
				CURRENT_PROJECT_VERSION = 1;
				DEVELOPMENT_TEAM = 347XA53QJK;
				GENERATE_INFOPLIST_FILE = YES;
				INFOPLIST_FILE = Kkuk/Global/Resource/Info.plist;
				INFOPLIST_KEY_UIApplicationSupportsIndirectInputEvents = YES;
				INFOPLIST_KEY_UILaunchStoryboardName = LaunchScreen;
				INFOPLIST_KEY_UISupportedInterfaceOrientations_iPad = "UIInterfaceOrientationPortrait UIInterfaceOrientationPortraitUpsideDown UIInterfaceOrientationLandscapeLeft UIInterfaceOrientationLandscapeRight";
				INFOPLIST_KEY_UISupportedInterfaceOrientations_iPhone = "UIInterfaceOrientationPortrait UIInterfaceOrientationLandscapeLeft UIInterfaceOrientationLandscapeRight";
				IPHONEOS_DEPLOYMENT_TARGET = 15.0;
				LD_RUNPATH_SEARCH_PATHS = (
					"$(inherited)",
					"@executable_path/Frameworks",
				);
				MARKETING_VERSION = 1.0;
				PRODUCT_BUNDLE_IDENTIFIER = archive.nbcamp.Kkuk;
				PRODUCT_NAME = "$(TARGET_NAME)";
				PROVISIONING_PROFILE_SPECIFIER = "";
				SWIFT_EMIT_LOC_STRINGS = YES;
				SWIFT_VERSION = 5.0;
				TARGETED_DEVICE_FAMILY = "1,2";
			};
			name = Release;
		};
		1C2843852ADB969C00A87E99 /* Debug */ = {
			isa = XCBuildConfiguration;
			buildSettings = {
				ALWAYS_EMBED_SWIFT_STANDARD_LIBRARIES = YES;
				BUNDLE_LOADER = "$(TEST_HOST)";
				CODE_SIGN_STYLE = Automatic;
				CURRENT_PROJECT_VERSION = 1;
				DEVELOPMENT_TEAM = 347XA53QJK;
				GENERATE_INFOPLIST_FILE = YES;
				IPHONEOS_DEPLOYMENT_TARGET = 16.4;
				MARKETING_VERSION = 1.0;
				PRODUCT_BUNDLE_IDENTIFIER = archive.nbcamp.KkukTests;
				PRODUCT_NAME = "$(TARGET_NAME)";
				SWIFT_EMIT_LOC_STRINGS = NO;
				SWIFT_VERSION = 5.0;
				TARGETED_DEVICE_FAMILY = "1,2";
				TEST_HOST = "$(BUILT_PRODUCTS_DIR)/Kkuk.app/$(BUNDLE_EXECUTABLE_FOLDER_PATH)/Kkuk";
			};
			name = Debug;
		};
		1C2843862ADB969C00A87E99 /* Release */ = {
			isa = XCBuildConfiguration;
			buildSettings = {
				ALWAYS_EMBED_SWIFT_STANDARD_LIBRARIES = YES;
				BUNDLE_LOADER = "$(TEST_HOST)";
				CODE_SIGN_STYLE = Automatic;
				CURRENT_PROJECT_VERSION = 1;
				DEVELOPMENT_TEAM = 347XA53QJK;
				GENERATE_INFOPLIST_FILE = YES;
				IPHONEOS_DEPLOYMENT_TARGET = 16.4;
				MARKETING_VERSION = 1.0;
				PRODUCT_BUNDLE_IDENTIFIER = archive.nbcamp.KkukTests;
				PRODUCT_NAME = "$(TARGET_NAME)";
				SWIFT_EMIT_LOC_STRINGS = NO;
				SWIFT_VERSION = 5.0;
				TARGETED_DEVICE_FAMILY = "1,2";
				TEST_HOST = "$(BUILT_PRODUCTS_DIR)/Kkuk.app/$(BUNDLE_EXECUTABLE_FOLDER_PATH)/Kkuk";
			};
			name = Release;
		};
		1C2843882ADB969C00A87E99 /* Debug */ = {
			isa = XCBuildConfiguration;
			buildSettings = {
				ALWAYS_EMBED_SWIFT_STANDARD_LIBRARIES = YES;
				CODE_SIGN_STYLE = Automatic;
				CURRENT_PROJECT_VERSION = 1;
				DEVELOPMENT_TEAM = 347XA53QJK;
				GENERATE_INFOPLIST_FILE = YES;
				MARKETING_VERSION = 1.0;
				PRODUCT_BUNDLE_IDENTIFIER = archive.nbcamp.KkukUITests;
				PRODUCT_NAME = "$(TARGET_NAME)";
				SWIFT_EMIT_LOC_STRINGS = NO;
				SWIFT_VERSION = 5.0;
				TARGETED_DEVICE_FAMILY = "1,2";
				TEST_TARGET_NAME = Kkuk;
			};
			name = Debug;
		};
		1C2843892ADB969C00A87E99 /* Release */ = {
			isa = XCBuildConfiguration;
			buildSettings = {
				ALWAYS_EMBED_SWIFT_STANDARD_LIBRARIES = YES;
				CODE_SIGN_STYLE = Automatic;
				CURRENT_PROJECT_VERSION = 1;
				DEVELOPMENT_TEAM = 347XA53QJK;
				GENERATE_INFOPLIST_FILE = YES;
				MARKETING_VERSION = 1.0;
				PRODUCT_BUNDLE_IDENTIFIER = archive.nbcamp.KkukUITests;
				PRODUCT_NAME = "$(TARGET_NAME)";
				SWIFT_EMIT_LOC_STRINGS = NO;
				SWIFT_VERSION = 5.0;
				TARGETED_DEVICE_FAMILY = "1,2";
				TEST_TARGET_NAME = Kkuk;
			};
			name = Release;
		};
/* End XCBuildConfiguration section */

/* Begin XCConfigurationList section */
		1C2843522ADB969A00A87E99 /* Build configuration list for PBXProject "Kkuk" */ = {
			isa = XCConfigurationList;
			buildConfigurations = (
				1C28437F2ADB969C00A87E99 /* Debug */,
				1C2843802ADB969C00A87E99 /* Release */,
			);
			defaultConfigurationIsVisible = 0;
			defaultConfigurationName = Release;
		};
		1C2843812ADB969C00A87E99 /* Build configuration list for PBXNativeTarget "Kkuk" */ = {
			isa = XCConfigurationList;
			buildConfigurations = (
				1C2843822ADB969C00A87E99 /* Debug */,
				1C2843832ADB969C00A87E99 /* Release */,
			);
			defaultConfigurationIsVisible = 0;
			defaultConfigurationName = Release;
		};
		1C2843842ADB969C00A87E99 /* Build configuration list for PBXNativeTarget "KkukTests" */ = {
			isa = XCConfigurationList;
			buildConfigurations = (
				1C2843852ADB969C00A87E99 /* Debug */,
				1C2843862ADB969C00A87E99 /* Release */,
			);
			defaultConfigurationIsVisible = 0;
			defaultConfigurationName = Release;
		};
		1C2843872ADB969C00A87E99 /* Build configuration list for PBXNativeTarget "KkukUITests" */ = {
			isa = XCConfigurationList;
			buildConfigurations = (
				1C2843882ADB969C00A87E99 /* Debug */,
				1C2843892ADB969C00A87E99 /* Release */,
			);
			defaultConfigurationIsVisible = 0;
			defaultConfigurationName = Release;
		};
/* End XCConfigurationList section */

/* Begin XCRemoteSwiftPackageReference section */
		1C2843E82ADE996200A87E99 /* XCRemoteSwiftPackageReference "Alamofire" */ = {
			isa = XCRemoteSwiftPackageReference;
			repositoryURL = "https://github.com/Alamofire/Alamofire.git";
			requirement = {
				kind = upToNextMajorVersion;
				minimumVersion = 5.0.0;
			};
		};
		1C2843EB2ADE99D400A87E99 /* XCRemoteSwiftPackageReference "IQKeyboardManager" */ = {
			isa = XCRemoteSwiftPackageReference;
			repositoryURL = "https://github.com/hackiftekhar/IQKeyboardManager.git";
			requirement = {
				kind = upToNextMajorVersion;
				minimumVersion = 6.0.0;
			};
		};
		1C2843EE2ADE99EF00A87E99 /* XCRemoteSwiftPackageReference "Kingfisher" */ = {
			isa = XCRemoteSwiftPackageReference;
			repositoryURL = "https://github.com/onevcat/Kingfisher.git";
			requirement = {
				kind = upToNextMajorVersion;
				minimumVersion = 7.0.0;
			};
		};
		1C2843F12ADE9A1400A87E99 /* XCRemoteSwiftPackageReference "PanModal" */ = {
			isa = XCRemoteSwiftPackageReference;
			repositoryURL = "https://github.com/slackhq/PanModal.git";
			requirement = {
				kind = upToNextMajorVersion;
				minimumVersion = 1.0.0;
			};
		};
		1C2843F42ADE9AB600A87E99 /* XCRemoteSwiftPackageReference "realm-swift" */ = {
			isa = XCRemoteSwiftPackageReference;
			repositoryURL = "https://github.com/realm/realm-swift";
			requirement = {
				branch = master;
				kind = branch;
			};
		};
		1C2843F92ADE9AE200A87E99 /* XCRemoteSwiftPackageReference "SnapKit" */ = {
			isa = XCRemoteSwiftPackageReference;
			repositoryURL = "https://github.com/SnapKit/SnapKit.git";
			requirement = {
				kind = upToNextMajorVersion;
				minimumVersion = 5.0.0;
			};
		};
		1C2843FC2ADE9AF400A87E99 /* XCRemoteSwiftPackageReference "SkeletonView" */ = {
			isa = XCRemoteSwiftPackageReference;
			repositoryURL = "https://github.com/Juanpe/SkeletonView.git";
			requirement = {
				kind = upToNextMajorVersion;
				minimumVersion = 1.0.0;
			};
		};
		1C2843FF2ADE9B0100A87E99 /* XCRemoteSwiftPackageReference "SwiftSoup" */ = {
			isa = XCRemoteSwiftPackageReference;
			repositoryURL = "https://github.com/scinfu/SwiftSoup.git";
			requirement = {
				kind = upToNextMajorVersion;
				minimumVersion = 2.0.0;
			};
		};
/* End XCRemoteSwiftPackageReference section */

/* Begin XCSwiftPackageProductDependency section */
		1C2843E92ADE996200A87E99 /* Alamofire */ = {
			isa = XCSwiftPackageProductDependency;
			package = 1C2843E82ADE996200A87E99 /* XCRemoteSwiftPackageReference "Alamofire" */;
			productName = Alamofire;
		};
		1C2843EC2ADE99D400A87E99 /* IQKeyboardManagerSwift */ = {
			isa = XCSwiftPackageProductDependency;
			package = 1C2843EB2ADE99D400A87E99 /* XCRemoteSwiftPackageReference "IQKeyboardManager" */;
			productName = IQKeyboardManagerSwift;
		};
		1C2843EF2ADE99EF00A87E99 /* Kingfisher */ = {
			isa = XCSwiftPackageProductDependency;
			package = 1C2843EE2ADE99EF00A87E99 /* XCRemoteSwiftPackageReference "Kingfisher" */;
			productName = Kingfisher;
		};
		1C2843F22ADE9A1400A87E99 /* PanModal */ = {
			isa = XCSwiftPackageProductDependency;
			package = 1C2843F12ADE9A1400A87E99 /* XCRemoteSwiftPackageReference "PanModal" */;
			productName = PanModal;
		};
		1C2843F52ADE9AB600A87E99 /* Realm */ = {
			isa = XCSwiftPackageProductDependency;
			package = 1C2843F42ADE9AB600A87E99 /* XCRemoteSwiftPackageReference "realm-swift" */;
			productName = Realm;
		};
		1C2843F72ADE9AB600A87E99 /* RealmSwift */ = {
			isa = XCSwiftPackageProductDependency;
			package = 1C2843F42ADE9AB600A87E99 /* XCRemoteSwiftPackageReference "realm-swift" */;
			productName = RealmSwift;
		};
		1C2843FA2ADE9AE200A87E99 /* SnapKit */ = {
			isa = XCSwiftPackageProductDependency;
			package = 1C2843F92ADE9AE200A87E99 /* XCRemoteSwiftPackageReference "SnapKit" */;
			productName = SnapKit;
		};
		1C2843FD2ADE9AF400A87E99 /* SkeletonView */ = {
			isa = XCSwiftPackageProductDependency;
			package = 1C2843FC2ADE9AF400A87E99 /* XCRemoteSwiftPackageReference "SkeletonView" */;
			productName = SkeletonView;
		};
		1C2844002ADE9B0100A87E99 /* SwiftSoup */ = {
			isa = XCSwiftPackageProductDependency;
			package = 1C2843FF2ADE9B0100A87E99 /* XCRemoteSwiftPackageReference "SwiftSoup" */;
			productName = SwiftSoup;
		};
/* End XCSwiftPackageProductDependency section */
	};
	rootObject = 1C28434F2ADB969A00A87E99 /* Project object */;
}
